<?xml version="1.0" encoding="UTF-8" standalone="yes" ?>
<CodeBlocks_project_file>
	<FileVersion major="1" minor="6" />
	<Project>
		<Option title="SDL2Platformer" />
		<Option pch_mode="2" />
		<Option compiler="gcc" />
		<Build>
			<Target title="Debug">
				<Option output="../bin/Debug/SDL2Platformer" prefix_auto="1" extension_auto="1" />
				<Option object_output="../obj/Debug/" />
				<Option type="0" />
				<Option compiler="gcc" />
				<Compiler>
					<Add option="-g" />
				</Compiler>
			</Target>
			<Target title="Release">
				<Option output="../bin/Release/SDL2Platformer" prefix_auto="1" extension_auto="1" />
				<Option object_output="../obj/Release/" />
				<Option type="0" />
				<Option compiler="gcc" />
				<Compiler>
					<Add option="-O2" />
				</Compiler>
				<Linker>
					<Add option="-s" />
				</Linker>
			</Target>
		</Build>
		<Compiler>
			<Add option="-Wall" />
			<Add option="-std=c++11" />
			<Add directory="../../SDL2/i686-w64-mingw32/include" />
		</Compiler>
		<Linker>
			<Add option="-lmingw32" />
			<Add option="-lSDL2main" />
			<Add option="-lSDL2" />
			<Add option="-lSDL2_image" />
			<Add option="-lSDL2_ttf" />
			<Add option="-static-libgcc" />
			<Add option="-loleaut32" />
			<Add option="-lshell32" />
			<Add option="-lversion" />
			<Add option="-luuid" />
			<Add option="-luser32" />
			<Add option="-lgdi32" />
			<Add option="-lwinmm" />
			<Add option="-limm32" />
			<Add option="-lole32" />
			<Add option="-lm" />
			<Add option="-ldinput8" />
			<Add option="-ldxguid" />
			<Add option="-ldxerr8" />
			<Add directory="../../SDL2/i686-w64-mingw32/lib" />
		</Linker>
		<Unit filename="Animation.cpp" />
		<Unit filename="Animation.h" />
		<Unit filename="Collision.cpp" />
		<Unit filename="Collision.h" />
		<Unit filename="Color.cpp" />
		<Unit filename="Color.h" />
		<Unit filename="GOCamera.cpp" />
		<Unit filename="GOCamera.h" />
		<Unit filename="GOConsumable.cpp" />
		<Unit filename="GOConsumable.h" />
		<Unit filename="GOFrame.cpp" />
		<Unit filename="GOFrame.h" />
		<Unit filename="GOPlayer.cpp" />
		<Unit filename="GOPlayer.h" />
		<Unit filename="GOSolid.cpp" />
		<Unit filename="GOSolid.h" />
		<Unit filename="GOUI.cpp" />
		<Unit filename="GOUI.h" />
		<Unit filename="GOUIBar.cpp" />
		<Unit filename="GOUIBar.h" />
		<Unit filename="GOUIElement.cpp" />
		<Unit filename="GOUIElement.h" />
		<Unit filename="GOUIText.cpp" />
		<Unit filename="GOUIText.h" />
		<Unit filename="GOWorld.cpp" />
		<Unit filename="GOWorld.h" />
		<Unit filename="Game.cpp" />
		<Unit filename="Game.h" />
		<Unit filename="GameContext.cpp" />
		<Unit filename="GameContext.h" />
		<Unit filename="GameObject.cpp" />
		<Unit filename="GameObject.h" />
		<Unit filename="GameSettings.cpp" />
		<Unit filename="GameSettings.h" />
		<Unit filename="PhysicsState.cpp" />
		<Unit filename="PhysicsState.h" />
		<Unit filename="Rect.cpp" />
		<Unit filename="Rect.h" />
		<Unit filename="RenderObject.cpp" />
		<Unit filename="RenderObject.h" />
		<Unit filename="Size.cpp" />
		<Unit filename="Size.h" />
		<Unit filename="Vector2D.cpp" />
		<Unit filename="Vector2D.h" />
		<Unit filename="main.cpp" />
		<Extensions>
			<code_completion />
			<envvars />
			<debugger />
		</Extensions>
	</Project>
</CodeBlocks_project_file>
