<?xml version="1.0" encoding="UTF-8" standalone="yes" ?>
<CodeBlocks_project_file>
	<FileVersion major="1" minor="6" />
	<Project>
		<Option title="SDL2Platformer" />
		<Option pch_mode="2" />
		<Option compiler="gcc" />
		<Build>
			<Target title="Debug">
				<Option output="bin/Debug/SDL2Platformer" prefix_auto="1" extension_auto="1" />
				<Option working_dir="bin/Debug" />
				<Option object_output="obj/Debug/" />
				<Option type="1" />
				<Option compiler="gcc" />
				<Option use_console_runner="0" />
				<Compiler>
					<Add option="-g" />
				</Compiler>
			</Target>
			<Target title="Release">
				<Option output="bin/Release/SDL2Platformer" prefix_auto="1" extension_auto="1" />
				<Option working_dir="bin/Release" />
				<Option object_output="obj/Release/" />
				<Option type="1" />
				<Option compiler="gcc" />
				<Compiler>
					<Add option="-O2" />
				</Compiler>
				<Linker>
					<Add option="-s" />
				</Linker>
			</Target>
		</Build>
		<Compiler>
			<Add option="-Wall" />
			<Add option="-std=c++11" />
			<Add directory="../SDL2/i686-w64-mingw32/include" />
		</Compiler>
		<Linker>
			<Add option="-lmingw32" />
			<Add option="-lSDL2main" />
			<Add option="-lSDL2" />
			<Add option="-lSDL2_image" />
			<Add option="-lSDL2_ttf" />
			<Add option="-static-libgcc" />
			<Add option="-loleaut32" />
			<Add option="-lshell32" />
			<Add option="-lversion" />
			<Add option="-luuid" />
			<Add option="-luser32" />
			<Add option="-lgdi32" />
			<Add option="-lwinmm" />
			<Add option="-limm32" />
			<Add option="-lole32" />
			<Add option="-lm" />
			<Add option="-ldinput8" />
			<Add option="-ldxguid" />
			<Add option="-ldxerr8" />
			<Add directory="../SDL2/i686-w64-mingw32/lib" />
		</Linker>
		<Unit filename="SDL2Platformer/Animation.cpp" />
		<Unit filename="SDL2Platformer/Animation.h" />
		<Unit filename="SDL2Platformer/Collision.cpp" />
		<Unit filename="SDL2Platformer/Collision.h" />
		<Unit filename="SDL2Platformer/Color.cpp" />
		<Unit filename="SDL2Platformer/Color.h" />
		<Unit filename="SDL2Platformer/GOCamera.cpp" />
		<Unit filename="SDL2Platformer/GOCamera.h" />
		<Unit filename="SDL2Platformer/GOConsumable.cpp" />
		<Unit filename="SDL2Platformer/GOConsumable.h" />
		<Unit filename="SDL2Platformer/GOFrame.cpp" />
		<Unit filename="SDL2Platformer/GOFrame.h" />
		<Unit filename="SDL2Platformer/GOPlayer.cpp" />
		<Unit filename="SDL2Platformer/GOPlayer.h" />
		<Unit filename="SDL2Platformer/GOSolid.cpp" />
		<Unit filename="SDL2Platformer/GOSolid.h" />
		<Unit filename="SDL2Platformer/GOWorld.cpp" />
		<Unit filename="SDL2Platformer/GOWorld.h" />
		<Unit filename="SDL2Platformer/Game.cpp" />
		<Unit filename="SDL2Platformer/Game.h" />
		<Unit filename="SDL2Platformer/GameContext.cpp" />
		<Unit filename="SDL2Platformer/GameContext.h" />
		<Unit filename="SDL2Platformer/GameObject.cpp" />
		<Unit filename="SDL2Platformer/GameObject.h" />
		<Unit filename="SDL2Platformer/GameSettings.cpp" />
		<Unit filename="SDL2Platformer/GameSettings.h" />
		<Unit filename="SDL2Platformer/PhysicsState.cpp" />
		<Unit filename="SDL2Platformer/PhysicsState.h" />
		<Unit filename="SDL2Platformer/Rect.cpp" />
		<Unit filename="SDL2Platformer/Rect.h" />
		<Unit filename="SDL2Platformer/RenderObject.cpp" />
		<Unit filename="SDL2Platformer/RenderObject.h" />
		<Unit filename="SDL2Platformer/Size.cpp" />
		<Unit filename="SDL2Platformer/Size.h" />
		<Unit filename="SDL2Platformer/Vector2D.cpp" />
		<Unit filename="SDL2Platformer/Vector2D.h" />
		<Unit filename="SDL2Platformer/main.cpp" />
		<Extensions>
			<code_completion />
			<envvars />
			<debugger />
		</Extensions>
	</Project>
</CodeBlocks_project_file>
